
Microsoft Visual Studio Solution File, Format Version 12.00
# Visual Studio Version 18
VisualStudioVersion = 18.1.11312.151
MinimumVisualStudioVersion = 10.0.40219.1
Project("{8BC9CEB8-8B4A-11D0-8D11-00A0C91BC942}") = "02-Return", "02-Return\02-Return.vcxproj", "{8D16E011-7445-4EE1-A180-B3EEAAC420FE}"
EndProject
Project("{8BC9CEB8-8B4A-11D0-8D11-00A0C91BC942}") = "03-Return-Exit", "03-Return-Exit\03-Return-Exit.vcxproj", "{EF08E86D-F5D7-4C92-B288-B758798D620B}"
EndProject
Project("{8BC9CEB8-8B4A-11D0-8D11-00A0C91BC942}") = "01-Printf", "01-Printf\01-Printf.vcxproj", "{E5F18BD5-951F-4A88-86B3-817851A0A81B}"
EndProject
Project("{8BC9CEB8-8B4A-11D0-8D11-00A0C91BC942}") = "04-Exit", "04-Exit\04-Exit\04-Exit.vcxproj", "{79DEE735-657B-43F2-BE2B-71C8FE6258F9}"
EndProject
Project("{8BC9CEB8-8B4A-11D0-8D11-00A0C91BC942}") = "05-Scanf", "05-Scanf\05-Scanf\05-Scanf.vcxproj", "{8CE51124-8E97-4D55-A776-253063B37A6A}"
EndProject
Project("{8BC9CEB8-8B4A-11D0-8D11-00A0C91BC942}") = "06-Scanf-s", "06-Scanf-s\06-Scanf-s.vcxproj", "{E7F0D576-BFC1-4C11-929A-8A0E6FE067A8}"
EndProject
Project("{8BC9CEB8-8B4A-11D0-8D11-00A0C91BC942}") = "07-fgets", "07-fgets\07-fgets.vcxproj", "{F474AA35-EB57-4A97-9705-83B264E104EF}"
EndProject
Project("{8BC9CEB8-8B4A-11D0-8D11-00A0C91BC942}") = "08-sizeof", "08-sizeof\08-sizeof.vcxproj", "{27577216-7C7D-40EA-9943-79E1FDAAF876}"
EndProject
Project("{8BC9CEB8-8B4A-11D0-8D11-00A0C91BC942}") = "09-Integer-In-and-Out", "09-Integer-In-and-Out\09-Integer-In-and-Out.vcxproj", "{04278BC7-3A2E-40BF-BA81-0E8447EA2584}"
EndProject
Project("{8BC9CEB8-8B4A-11D0-8D11-00A0C91BC942}") = "10-Number-In-Subtraction", "10-Number-Subtraction\10-Number-Subtraction.vcxproj", "{19D73AC4-D95B-4646-A500-F75B9589580F}"
EndProject
Project("{8BC9CEB8-8B4A-11D0-8D11-00A0C91BC942}") = "11-Arithmetic-Modulo-Operators", "11-Arithmetic-Modulo-Operators\11-Arithmetic-Modulo-Operators.vcxproj", "{AF1CCDD8-4530-4ABD-89C8-2BE8B243078D}"
EndProject
Project("{8BC9CEB8-8B4A-11D0-8D11-00A0C91BC942}") = "12-ceil-floor", "12-ceil-floor\12-ceil-floor.vcxproj", "{616A4003-BCD3-488F-8262-10E123BDB2E5}"
EndProject
Project("{8BC9CEB8-8B4A-11D0-8D11-00A0C91BC942}") = "13-Decimal-Place", "13-Decimal-Place\13-Decimal-Place.vcxproj", "{267EF6AD-555E-4239-A890-E4D1BD8FB4C0}"
EndProject
Project("{8BC9CEB8-8B4A-11D0-8D11-00A0C91BC942}") = "14-text-input-output", "14-text-input-output\14-text-input-output.vcxproj", "{A895C5C9-2E69-40DE-AF37-EA58559B6CD6}"
EndProject
Global
	GlobalSection(SolutionConfigurationPlatforms) = preSolution
		Debug|Any CPU = Debug|Any CPU
		Debug|x64 = Debug|x64
		Debug|x86 = Debug|x86
		Release|Any CPU = Release|Any CPU
		Release|x64 = Release|x64
		Release|x86 = Release|x86
	EndGlobalSection
	GlobalSection(ProjectConfigurationPlatforms) = postSolution
		{8D16E011-7445-4EE1-A180-B3EEAAC420FE}.Debug|Any CPU.ActiveCfg = Debug|x64
		{8D16E011-7445-4EE1-A180-B3EEAAC420FE}.Debug|Any CPU.Build.0 = Debug|x64
		{8D16E011-7445-4EE1-A180-B3EEAAC420FE}.Debug|x64.ActiveCfg = Debug|x64
		{8D16E011-7445-4EE1-A180-B3EEAAC420FE}.Debug|x64.Build.0 = Debug|x64
		{8D16E011-7445-4EE1-A180-B3EEAAC420FE}.Debug|x86.ActiveCfg = Debug|Win32
		{8D16E011-7445-4EE1-A180-B3EEAAC420FE}.Debug|x86.Build.0 = Debug|Win32
		{8D16E011-7445-4EE1-A180-B3EEAAC420FE}.Release|Any CPU.ActiveCfg = Release|x64
		{8D16E011-7445-4EE1-A180-B3EEAAC420FE}.Release|Any CPU.Build.0 = Release|x64
		{8D16E011-7445-4EE1-A180-B3EEAAC420FE}.Release|x64.ActiveCfg = Release|x64
		{8D16E011-7445-4EE1-A180-B3EEAAC420FE}.Release|x64.Build.0 = Release|x64
		{8D16E011-7445-4EE1-A180-B3EEAAC420FE}.Release|x86.ActiveCfg = Release|Win32
		{8D16E011-7445-4EE1-A180-B3EEAAC420FE}.Release|x86.Build.0 = Release|Win32
		{EF08E86D-F5D7-4C92-B288-B758798D620B}.Debug|Any CPU.ActiveCfg = Debug|x64
		{EF08E86D-F5D7-4C92-B288-B758798D620B}.Debug|Any CPU.Build.0 = Debug|x64
		{EF08E86D-F5D7-4C92-B288-B758798D620B}.Debug|x64.ActiveCfg = Debug|x64
		{EF08E86D-F5D7-4C92-B288-B758798D620B}.Debug|x64.Build.0 = Debug|x64
		{EF08E86D-F5D7-4C92-B288-B758798D620B}.Debug|x86.ActiveCfg = Debug|Win32
		{EF08E86D-F5D7-4C92-B288-B758798D620B}.Debug|x86.Build.0 = Debug|Win32
		{EF08E86D-F5D7-4C92-B288-B758798D620B}.Release|Any CPU.ActiveCfg = Release|x64
		{EF08E86D-F5D7-4C92-B288-B758798D620B}.Release|Any CPU.Build.0 = Release|x64
		{EF08E86D-F5D7-4C92-B288-B758798D620B}.Release|x64.ActiveCfg = Release|x64
		{EF08E86D-F5D7-4C92-B288-B758798D620B}.Release|x64.Build.0 = Release|x64
		{EF08E86D-F5D7-4C92-B288-B758798D620B}.Release|x86.ActiveCfg = Release|Win32
		{EF08E86D-F5D7-4C92-B288-B758798D620B}.Release|x86.Build.0 = Release|Win32
		{E5F18BD5-951F-4A88-86B3-817851A0A81B}.Debug|Any CPU.ActiveCfg = Debug|x64
		{E5F18BD5-951F-4A88-86B3-817851A0A81B}.Debug|Any CPU.Build.0 = Debug|x64
		{E5F18BD5-951F-4A88-86B3-817851A0A81B}.Debug|x64.ActiveCfg = Debug|x64
		{E5F18BD5-951F-4A88-86B3-817851A0A81B}.Debug|x64.Build.0 = Debug|x64
		{E5F18BD5-951F-4A88-86B3-817851A0A81B}.Debug|x86.ActiveCfg = Debug|Win32
		{E5F18BD5-951F-4A88-86B3-817851A0A81B}.Debug|x86.Build.0 = Debug|Win32
		{E5F18BD5-951F-4A88-86B3-817851A0A81B}.Release|Any CPU.ActiveCfg = Release|x64
		{E5F18BD5-951F-4A88-86B3-817851A0A81B}.Release|Any CPU.Build.0 = Release|x64
		{E5F18BD5-951F-4A88-86B3-817851A0A81B}.Release|x64.ActiveCfg = Release|x64
		{E5F18BD5-951F-4A88-86B3-817851A0A81B}.Release|x64.Build.0 = Release|x64
		{E5F18BD5-951F-4A88-86B3-817851A0A81B}.Release|x86.ActiveCfg = Release|Win32
		{E5F18BD5-951F-4A88-86B3-817851A0A81B}.Release|x86.Build.0 = Release|Win32
		{79DEE735-657B-43F2-BE2B-71C8FE6258F9}.Debug|Any CPU.ActiveCfg = Debug|x64
		{79DEE735-657B-43F2-BE2B-71C8FE6258F9}.Debug|Any CPU.Build.0 = Debug|x64
		{79DEE735-657B-43F2-BE2B-71C8FE6258F9}.Debug|x64.ActiveCfg = Debug|x64
		{79DEE735-657B-43F2-BE2B-71C8FE6258F9}.Debug|x64.Build.0 = Debug|x64
		{79DEE735-657B-43F2-BE2B-71C8FE6258F9}.Debug|x86.ActiveCfg = Debug|Win32
		{79DEE735-657B-43F2-BE2B-71C8FE6258F9}.Debug|x86.Build.0 = Debug|Win32
		{79DEE735-657B-43F2-BE2B-71C8FE6258F9}.Release|Any CPU.ActiveCfg = Release|x64
		{79DEE735-657B-43F2-BE2B-71C8FE6258F9}.Release|Any CPU.Build.0 = Release|x64
		{79DEE735-657B-43F2-BE2B-71C8FE6258F9}.Release|x64.ActiveCfg = Release|x64
		{79DEE735-657B-43F2-BE2B-71C8FE6258F9}.Release|x64.Build.0 = Release|x64
		{79DEE735-657B-43F2-BE2B-71C8FE6258F9}.Release|x86.ActiveCfg = Release|Win32
		{79DEE735-657B-43F2-BE2B-71C8FE6258F9}.Release|x86.Build.0 = Release|Win32
		{8CE51124-8E97-4D55-A776-253063B37A6A}.Debug|Any CPU.ActiveCfg = Debug|x64
		{8CE51124-8E97-4D55-A776-253063B37A6A}.Debug|Any CPU.Build.0 = Debug|x64
		{8CE51124-8E97-4D55-A776-253063B37A6A}.Debug|x64.ActiveCfg = Debug|x64
		{8CE51124-8E97-4D55-A776-253063B37A6A}.Debug|x64.Build.0 = Debug|x64
		{8CE51124-8E97-4D55-A776-253063B37A6A}.Debug|x86.ActiveCfg = Debug|Win32
		{8CE51124-8E97-4D55-A776-253063B37A6A}.Debug|x86.Build.0 = Debug|Win32
		{8CE51124-8E97-4D55-A776-253063B37A6A}.Release|Any CPU.ActiveCfg = Release|x64
		{8CE51124-8E97-4D55-A776-253063B37A6A}.Release|Any CPU.Build.0 = Release|x64
		{8CE51124-8E97-4D55-A776-253063B37A6A}.Release|x64.ActiveCfg = Release|x64
		{8CE51124-8E97-4D55-A776-253063B37A6A}.Release|x64.Build.0 = Release|x64
		{8CE51124-8E97-4D55-A776-253063B37A6A}.Release|x86.ActiveCfg = Release|Win32
		{8CE51124-8E97-4D55-A776-253063B37A6A}.Release|x86.Build.0 = Release|Win32
		{E7F0D576-BFC1-4C11-929A-8A0E6FE067A8}.Debug|Any CPU.ActiveCfg = Debug|x64
		{E7F0D576-BFC1-4C11-929A-8A0E6FE067A8}.Debug|Any CPU.Build.0 = Debug|x64
		{E7F0D576-BFC1-4C11-929A-8A0E6FE067A8}.Debug|x64.ActiveCfg = Debug|x64
		{E7F0D576-BFC1-4C11-929A-8A0E6FE067A8}.Debug|x64.Build.0 = Debug|x64
		{E7F0D576-BFC1-4C11-929A-8A0E6FE067A8}.Debug|x86.ActiveCfg = Debug|Win32
		{E7F0D576-BFC1-4C11-929A-8A0E6FE067A8}.Debug|x86.Build.0 = Debug|Win32
		{E7F0D576-BFC1-4C11-929A-8A0E6FE067A8}.Release|Any CPU.ActiveCfg = Release|x64
		{E7F0D576-BFC1-4C11-929A-8A0E6FE067A8}.Release|Any CPU.Build.0 = Release|x64
		{E7F0D576-BFC1-4C11-929A-8A0E6FE067A8}.Release|x64.ActiveCfg = Release|x64
		{E7F0D576-BFC1-4C11-929A-8A0E6FE067A8}.Release|x64.Build.0 = Release|x64
		{E7F0D576-BFC1-4C11-929A-8A0E6FE067A8}.Release|x86.ActiveCfg = Release|Win32
		{E7F0D576-BFC1-4C11-929A-8A0E6FE067A8}.Release|x86.Build.0 = Release|Win32
		{F474AA35-EB57-4A97-9705-83B264E104EF}.Debug|Any CPU.ActiveCfg = Debug|x64
		{F474AA35-EB57-4A97-9705-83B264E104EF}.Debug|Any CPU.Build.0 = Debug|x64
		{F474AA35-EB57-4A97-9705-83B264E104EF}.Debug|x64.ActiveCfg = Debug|x64
		{F474AA35-EB57-4A97-9705-83B264E104EF}.Debug|x64.Build.0 = Debug|x64
		{F474AA35-EB57-4A97-9705-83B264E104EF}.Debug|x86.ActiveCfg = Debug|Win32
		{F474AA35-EB57-4A97-9705-83B264E104EF}.Debug|x86.Build.0 = Debug|Win32
		{F474AA35-EB57-4A97-9705-83B264E104EF}.Release|Any CPU.ActiveCfg = Release|x64
		{F474AA35-EB57-4A97-9705-83B264E104EF}.Release|Any CPU.Build.0 = Release|x64
		{F474AA35-EB57-4A97-9705-83B264E104EF}.Release|x64.ActiveCfg = Release|x64
		{F474AA35-EB57-4A97-9705-83B264E104EF}.Release|x64.Build.0 = Release|x64
		{F474AA35-EB57-4A97-9705-83B264E104EF}.Release|x86.ActiveCfg = Release|Win32
		{F474AA35-EB57-4A97-9705-83B264E104EF}.Release|x86.Build.0 = Release|Win32
		{27577216-7C7D-40EA-9943-79E1FDAAF876}.Debug|Any CPU.ActiveCfg = Debug|x64
		{27577216-7C7D-40EA-9943-79E1FDAAF876}.Debug|Any CPU.Build.0 = Debug|x64
		{27577216-7C7D-40EA-9943-79E1FDAAF876}.Debug|x64.ActiveCfg = Debug|x64
		{27577216-7C7D-40EA-9943-79E1FDAAF876}.Debug|x64.Build.0 = Debug|x64
		{27577216-7C7D-40EA-9943-79E1FDAAF876}.Debug|x86.ActiveCfg = Debug|Win32
		{27577216-7C7D-40EA-9943-79E1FDAAF876}.Debug|x86.Build.0 = Debug|Win32
		{27577216-7C7D-40EA-9943-79E1FDAAF876}.Release|Any CPU.ActiveCfg = Release|x64
		{27577216-7C7D-40EA-9943-79E1FDAAF876}.Release|Any CPU.Build.0 = Release|x64
		{27577216-7C7D-40EA-9943-79E1FDAAF876}.Release|x64.ActiveCfg = Release|x64
		{27577216-7C7D-40EA-9943-79E1FDAAF876}.Release|x64.Build.0 = Release|x64
		{27577216-7C7D-40EA-9943-79E1FDAAF876}.Release|x86.ActiveCfg = Release|Win32
		{27577216-7C7D-40EA-9943-79E1FDAAF876}.Release|x86.Build.0 = Release|Win32
		{04278BC7-3A2E-40BF-BA81-0E8447EA2584}.Debug|Any CPU.ActiveCfg = Debug|x64
		{04278BC7-3A2E-40BF-BA81-0E8447EA2584}.Debug|Any CPU.Build.0 = Debug|x64
		{04278BC7-3A2E-40BF-BA81-0E8447EA2584}.Debug|x64.ActiveCfg = Debug|x64
		{04278BC7-3A2E-40BF-BA81-0E8447EA2584}.Debug|x64.Build.0 = Debug|x64
		{04278BC7-3A2E-40BF-BA81-0E8447EA2584}.Debug|x86.ActiveCfg = Debug|Win32
		{04278BC7-3A2E-40BF-BA81-0E8447EA2584}.Debug|x86.Build.0 = Debug|Win32
		{04278BC7-3A2E-40BF-BA81-0E8447EA2584}.Release|Any CPU.ActiveCfg = Release|x64
		{04278BC7-3A2E-40BF-BA81-0E8447EA2584}.Release|Any CPU.Build.0 = Release|x64
		{04278BC7-3A2E-40BF-BA81-0E8447EA2584}.Release|x64.ActiveCfg = Release|x64
		{04278BC7-3A2E-40BF-BA81-0E8447EA2584}.Release|x64.Build.0 = Release|x64
		{04278BC7-3A2E-40BF-BA81-0E8447EA2584}.Release|x86.ActiveCfg = Release|Win32
		{04278BC7-3A2E-40BF-BA81-0E8447EA2584}.Release|x86.Build.0 = Release|Win32
		{19D73AC4-D95B-4646-A500-F75B9589580F}.Debug|Any CPU.ActiveCfg = Debug|x64
		{19D73AC4-D95B-4646-A500-F75B9589580F}.Debug|Any CPU.Build.0 = Debug|x64
		{19D73AC4-D95B-4646-A500-F75B9589580F}.Debug|x64.ActiveCfg = Debug|x64
		{19D73AC4-D95B-4646-A500-F75B9589580F}.Debug|x64.Build.0 = Debug|x64
		{19D73AC4-D95B-4646-A500-F75B9589580F}.Debug|x86.ActiveCfg = Debug|Win32
		{19D73AC4-D95B-4646-A500-F75B9589580F}.Debug|x86.Build.0 = Debug|Win32
		{19D73AC4-D95B-4646-A500-F75B9589580F}.Release|Any CPU.ActiveCfg = Release|x64
		{19D73AC4-D95B-4646-A500-F75B9589580F}.Release|Any CPU.Build.0 = Release|x64
		{19D73AC4-D95B-4646-A500-F75B9589580F}.Release|x64.ActiveCfg = Release|x64
		{19D73AC4-D95B-4646-A500-F75B9589580F}.Release|x64.Build.0 = Release|x64
		{19D73AC4-D95B-4646-A500-F75B9589580F}.Release|x86.ActiveCfg = Release|Win32
		{19D73AC4-D95B-4646-A500-F75B9589580F}.Release|x86.Build.0 = Release|Win32
		{AF1CCDD8-4530-4ABD-89C8-2BE8B243078D}.Debug|Any CPU.ActiveCfg = Debug|x64
		{AF1CCDD8-4530-4ABD-89C8-2BE8B243078D}.Debug|Any CPU.Build.0 = Debug|x64
		{AF1CCDD8-4530-4ABD-89C8-2BE8B243078D}.Debug|x64.ActiveCfg = Debug|x64
		{AF1CCDD8-4530-4ABD-89C8-2BE8B243078D}.Debug|x64.Build.0 = Debug|x64
		{AF1CCDD8-4530-4ABD-89C8-2BE8B243078D}.Debug|x86.ActiveCfg = Debug|Win32
		{AF1CCDD8-4530-4ABD-89C8-2BE8B243078D}.Debug|x86.Build.0 = Debug|Win32
		{AF1CCDD8-4530-4ABD-89C8-2BE8B243078D}.Release|Any CPU.ActiveCfg = Release|x64
		{AF1CCDD8-4530-4ABD-89C8-2BE8B243078D}.Release|Any CPU.Build.0 = Release|x64
		{AF1CCDD8-4530-4ABD-89C8-2BE8B243078D}.Release|x64.ActiveCfg = Release|x64
		{AF1CCDD8-4530-4ABD-89C8-2BE8B243078D}.Release|x64.Build.0 = Release|x64
		{AF1CCDD8-4530-4ABD-89C8-2BE8B243078D}.Release|x86.ActiveCfg = Release|Win32
		{AF1CCDD8-4530-4ABD-89C8-2BE8B243078D}.Release|x86.Build.0 = Release|Win32
		{616A4003-BCD3-488F-8262-10E123BDB2E5}.Debug|Any CPU.ActiveCfg = Debug|x64
		{616A4003-BCD3-488F-8262-10E123BDB2E5}.Debug|Any CPU.Build.0 = Debug|x64
		{616A4003-BCD3-488F-8262-10E123BDB2E5}.Debug|x64.ActiveCfg = Debug|x64
		{616A4003-BCD3-488F-8262-10E123BDB2E5}.Debug|x64.Build.0 = Debug|x64
		{616A4003-BCD3-488F-8262-10E123BDB2E5}.Debug|x86.ActiveCfg = Debug|Win32
		{616A4003-BCD3-488F-8262-10E123BDB2E5}.Debug|x86.Build.0 = Debug|Win32
		{616A4003-BCD3-488F-8262-10E123BDB2E5}.Release|Any CPU.ActiveCfg = Release|x64
		{616A4003-BCD3-488F-8262-10E123BDB2E5}.Release|Any CPU.Build.0 = Release|x64
		{616A4003-BCD3-488F-8262-10E123BDB2E5}.Release|x64.ActiveCfg = Release|x64
		{616A4003-BCD3-488F-8262-10E123BDB2E5}.Release|x64.Build.0 = Release|x64
		{616A4003-BCD3-488F-8262-10E123BDB2E5}.Release|x86.ActiveCfg = Release|Win32
		{616A4003-BCD3-488F-8262-10E123BDB2E5}.Release|x86.Build.0 = Release|Win32
		{267EF6AD-555E-4239-A890-E4D1BD8FB4C0}.Debug|Any CPU.ActiveCfg = Debug|x64
		{267EF6AD-555E-4239-A890-E4D1BD8FB4C0}.Debug|Any CPU.Build.0 = Debug|x64
		{267EF6AD-555E-4239-A890-E4D1BD8FB4C0}.Debug|x64.ActiveCfg = Debug|x64
		{267EF6AD-555E-4239-A890-E4D1BD8FB4C0}.Debug|x64.Build.0 = Debug|x64
		{267EF6AD-555E-4239-A890-E4D1BD8FB4C0}.Debug|x86.ActiveCfg = Debug|Win32
		{267EF6AD-555E-4239-A890-E4D1BD8FB4C0}.Debug|x86.Build.0 = Debug|Win32
		{267EF6AD-555E-4239-A890-E4D1BD8FB4C0}.Release|Any CPU.ActiveCfg = Release|x64
		{267EF6AD-555E-4239-A890-E4D1BD8FB4C0}.Release|Any CPU.Build.0 = Release|x64
		{267EF6AD-555E-4239-A890-E4D1BD8FB4C0}.Release|x64.ActiveCfg = Release|x64
		{267EF6AD-555E-4239-A890-E4D1BD8FB4C0}.Release|x64.Build.0 = Release|x64
		{267EF6AD-555E-4239-A890-E4D1BD8FB4C0}.Release|x86.ActiveCfg = Release|Win32
		{267EF6AD-555E-4239-A890-E4D1BD8FB4C0}.Release|x86.Build.0 = Release|Win32
		{A895C5C9-2E69-40DE-AF37-EA58559B6CD6}.Debug|Any CPU.ActiveCfg = Debug|x64
		{A895C5C9-2E69-40DE-AF37-EA58559B6CD6}.Debug|Any CPU.Build.0 = Debug|x64
		{A895C5C9-2E69-40DE-AF37-EA58559B6CD6}.Debug|x64.ActiveCfg = Debug|x64
		{A895C5C9-2E69-40DE-AF37-EA58559B6CD6}.Debug|x64.Build.0 = Debug|x64
		{A895C5C9-2E69-40DE-AF37-EA58559B6CD6}.Debug|x86.ActiveCfg = Debug|Win32
		{A895C5C9-2E69-40DE-AF37-EA58559B6CD6}.Debug|x86.Build.0 = Debug|Win32
		{A895C5C9-2E69-40DE-AF37-EA58559B6CD6}.Release|Any CPU.ActiveCfg = Release|x64
		{A895C5C9-2E69-40DE-AF37-EA58559B6CD6}.Release|Any CPU.Build.0 = Release|x64
		{A895C5C9-2E69-40DE-AF37-EA58559B6CD6}.Release|x64.ActiveCfg = Release|x64
		{A895C5C9-2E69-40DE-AF37-EA58559B6CD6}.Release|x64.Build.0 = Release|x64
		{A895C5C9-2E69-40DE-AF37-EA58559B6CD6}.Release|x86.ActiveCfg = Release|Win32
		{A895C5C9-2E69-40DE-AF37-EA58559B6CD6}.Release|x86.Build.0 = Release|Win32
	EndGlobalSection
	GlobalSection(SolutionProperties) = preSolution
		HideSolutionNode = FALSE
	EndGlobalSection
	GlobalSection(ExtensibilityGlobals) = postSolution
		SolutionGuid = {227772E2-6C0A-4D17-ABBD-AD326F550E3D}
	EndGlobalSection
EndGlobal
